
Microsoft Visual Studio Solution File, Format Version 12.00
# Visual Studio Version 17
VisualStudioVersion = 17.10.35122.118
MinimumVisualStudioVersion = 10.0.40219.1
Project("{9A19103F-16F7-4668-BE54-9A1E7A4F7556}") = "Waini.Web", "Waini.Web\Waini.Web.csproj", "{AAF81E28-084E-4645-AAB6-2B502371D68C}"
EndProject
Project("{FAE04EC0-301F-11D3-BF4B-00C04F79EFBC}") = "Waini.Infrastructure", "Waini.Infrastructure\Waini.Infrastructure.csproj", "{CE27DB2F-4A88-4CA0-8137-F9F3952AE553}"
EndProject
Project("{FAE04EC0-301F-11D3-BF4B-00C04F79EFBC}") = "Waini.Domain", "Waini.Domain\Waini.Domain.csproj", "{1BFB1419-8F5B-45EC-BDA9-D95E03365EB1}"
EndProject
Project("{FAE04EC0-301F-11D3-BF4B-00C04F79EFBC}") = "Waini.Application", "Waini.Application\Waini.Application.csproj", "{AB111497-4D80-4CD2-A06E-1A635E5087B9}"
EndProject
Global
	GlobalSection(SolutionConfigurationPlatforms) = preSolution
		Debug|Any CPU = Debug|Any CPU
		Release|Any CPU = Release|Any CPU
	EndGlobalSection
	GlobalSection(ProjectConfigurationPlatforms) = postSolution
		{AAF81E28-084E-4645-AAB6-2B502371D68C}.Debug|Any CPU.ActiveCfg = Debug|Any CPU
		{AAF81E28-084E-4645-AAB6-2B502371D68C}.Debug|Any CPU.Build.0 = Debug|Any CPU
		{AAF81E28-084E-4645-AAB6-2B502371D68C}.Release|Any CPU.ActiveCfg = Release|Any CPU
		{AAF81E28-084E-4645-AAB6-2B502371D68C}.Release|Any CPU.Build.0 = Release|Any CPU
		{CE27DB2F-4A88-4CA0-8137-F9F3952AE553}.Debug|Any CPU.ActiveCfg = Debug|Any CPU
		{CE27DB2F-4A88-4CA0-8137-F9F3952AE553}.Debug|Any CPU.Build.0 = Debug|Any CPU
		{CE27DB2F-4A88-4CA0-8137-F9F3952AE553}.Release|Any CPU.ActiveCfg = Release|Any CPU
		{CE27DB2F-4A88-4CA0-8137-F9F3952AE553}.Release|Any CPU.Build.0 = Release|Any CPU
		{1BFB1419-8F5B-45EC-BDA9-D95E03365EB1}.Debug|Any CPU.ActiveCfg = Debug|Any CPU
		{1BFB1419-8F5B-45EC-BDA9-D95E03365EB1}.Debug|Any CPU.Build.0 = Debug|Any CPU
		{1BFB1419-8F5B-45EC-BDA9-D95E03365EB1}.Release|Any CPU.ActiveCfg = Release|Any CPU
		{1BFB1419-8F5B-45EC-BDA9-D95E03365EB1}.Release|Any CPU.Build.0 = Release|Any CPU
		{AB111497-4D80-4CD2-A06E-1A635E5087B9}.Debug|Any CPU.ActiveCfg = Debug|Any CPU
		{AB111497-4D80-4CD2-A06E-1A635E5087B9}.Debug|Any CPU.Build.0 = Debug|Any CPU
		{AB111497-4D80-4CD2-A06E-1A635E5087B9}.Release|Any CPU.ActiveCfg = Release|Any CPU
		{AB111497-4D80-4CD2-A06E-1A635E5087B9}.Release|Any CPU.Build.0 = Release|Any CPU
	EndGlobalSection
	GlobalSection(SolutionProperties) = preSolution
		HideSolutionNode = FALSE
	EndGlobalSection
	GlobalSection(ExtensibilityGlobals) = postSolution
		SolutionGuid = {90DE8391-CF73-4879-9586-2FD3CEC22D4D}
	EndGlobalSection
EndGlobal
